
Microsoft Visual Studio Solution File, Format Version 12.00
# Visual Studio Version 16
VisualStudioVersion = 16.0.29709.97
MinimumVisualStudioVersion = 10.0.40219.1
Project("{F184B08F-C81C-45F6-A57F-5ABD9991F28F}") = "webshop", "webshop\webshop.vbproj", "{4B60A8EF-B40B-4369-82C2-80C684323461}"
EndProject
Global
	GlobalSection(SolutionConfigurationPlatforms) = preSolution
		Debug|Any CPU = Debug|Any CPU
		Release|Any CPU = Release|Any CPU
	EndGlobalSection
	GlobalSection(ProjectConfigurationPlatforms) = postSolution
		{4B60A8EF-B40B-4369-82C2-80C684323461}.Debug|Any CPU.ActiveCfg = Debug|Any CPU
		{4B60A8EF-B40B-4369-82C2-80C684323461}.Debug|Any CPU.Build.0 = Debug|Any CPU
		{4B60A8EF-B40B-4369-82C2-80C684323461}.Release|Any CPU.ActiveCfg = Release|Any CPU
		{4B60A8EF-B40B-4369-82C2-80C684323461}.Release|Any CPU.Build.0 = Release|Any CPU
	EndGlobalSection
	GlobalSection(SolutionProperties) = preSolution
		HideSolutionNode = FALSE
	EndGlobalSection
	GlobalSection(ExtensibilityGlobals) = postSolution
		SolutionGuid = {248CBD8F-35A2-4458-A40D-18646AFAA62E}
	EndGlobalSection
EndGlobal
